
Microsoft Visual Studio Solution File, Format Version 12.00
# Visual Studio 15
VisualStudioVersion = 15.0.28307.421
MinimumVisualStudioVersion = 10.0.40219.1
Project("{9A19103F-16F7-4668-BE54-9A1E7A4F7556}") = "BookStore.Core", "src\BookStore.Core\BookStore.Core.csproj", "{B0D5F003-EA84-4F02-8AF3-DE3C365CDBFB}"
EndProject
Project("{9A19103F-16F7-4668-BE54-9A1E7A4F7556}") = "BookStore.Infrastructure", "src\BookStore.Infrastructure\BookStore.Infrastructure.csproj", "{86C77991-F548-4603-8FBC-DA2879718A9F}"
EndProject
Project("{9A19103F-16F7-4668-BE54-9A1E7A4F7556}") = "BookStore.Api", "src\BookStore.Api\BookStore.Api.csproj", "{AFF78935-95FF-4C9E-BF44-0421B36BB010}"
EndProject
Global
	GlobalSection(SolutionConfigurationPlatforms) = preSolution
		Debug|Any CPU = Debug|Any CPU
		Release|Any CPU = Release|Any CPU
	EndGlobalSection
	GlobalSection(ProjectConfigurationPlatforms) = postSolution
		{B0D5F003-EA84-4F02-8AF3-DE3C365CDBFB}.Debug|Any CPU.ActiveCfg = Debug|Any CPU
		{B0D5F003-EA84-4F02-8AF3-DE3C365CDBFB}.Debug|Any CPU.Build.0 = Debug|Any CPU
		{B0D5F003-EA84-4F02-8AF3-DE3C365CDBFB}.Release|Any CPU.ActiveCfg = Release|Any CPU
		{B0D5F003-EA84-4F02-8AF3-DE3C365CDBFB}.Release|Any CPU.Build.0 = Release|Any CPU
		{86C77991-F548-4603-8FBC-DA2879718A9F}.Debug|Any CPU.ActiveCfg = Debug|Any CPU
		{86C77991-F548-4603-8FBC-DA2879718A9F}.Debug|Any CPU.Build.0 = Debug|Any CPU
		{86C77991-F548-4603-8FBC-DA2879718A9F}.Release|Any CPU.ActiveCfg = Release|Any CPU
		{86C77991-F548-4603-8FBC-DA2879718A9F}.Release|Any CPU.Build.0 = Release|Any CPU
		{AFF78935-95FF-4C9E-BF44-0421B36BB010}.Debug|Any CPU.ActiveCfg = Debug|Any CPU
		{AFF78935-95FF-4C9E-BF44-0421B36BB010}.Debug|Any CPU.Build.0 = Debug|Any CPU
		{AFF78935-95FF-4C9E-BF44-0421B36BB010}.Release|Any CPU.ActiveCfg = Release|Any CPU
		{AFF78935-95FF-4C9E-BF44-0421B36BB010}.Release|Any CPU.Build.0 = Release|Any CPU
	EndGlobalSection
	GlobalSection(SolutionProperties) = preSolution
		HideSolutionNode = FALSE
	EndGlobalSection
	GlobalSection(ExtensibilityGlobals) = postSolution
		SolutionGuid = {431FBB4A-221E-4D0D-973C-CFFEDEDC4916}
	EndGlobalSection
EndGlobal
